
Microsoft Visual Studio Solution File, Format Version 12.00
# Visual Studio Version 17
VisualStudioVersion = 17.0.31903.59
MinimumVisualStudioVersion = 10.0.40219.1
Project("{FAE04EC0-301F-11D3-BF4B-00C04F79EFBC}") = "DungeonSlime", "DungeonSlime\DungeonSlime.csproj", "{BF0DB441-54E3-4169-A66A-49EC846C4BE3}"
EndProject
Project("{FAE04EC0-301F-11D3-BF4B-00C04F79EFBC}") = "Library1", "Library1\Library1.csproj", "{26C4779F-0EF4-472C-A9C1-153C5E8D7712}"
EndProject
Global
	GlobalSection(SolutionConfigurationPlatforms) = preSolution
		Debug|Any CPU = Debug|Any CPU
		Release|Any CPU = Release|Any CPU
	EndGlobalSection
	GlobalSection(SolutionProperties) = preSolution
		HideSolutionNode = FALSE
	EndGlobalSection
	GlobalSection(ProjectConfigurationPlatforms) = postSolution
		{BF0DB441-54E3-4169-A66A-49EC846C4BE3}.Debug|Any CPU.ActiveCfg = Debug|Any CPU
		{BF0DB441-54E3-4169-A66A-49EC846C4BE3}.Debug|Any CPU.Build.0 = Debug|Any CPU
		{BF0DB441-54E3-4169-A66A-49EC846C4BE3}.Release|Any CPU.ActiveCfg = Release|Any CPU
		{BF0DB441-54E3-4169-A66A-49EC846C4BE3}.Release|Any CPU.Build.0 = Release|Any CPU
		{26C4779F-0EF4-472C-A9C1-153C5E8D7712}.Debug|Any CPU.ActiveCfg = Debug|Any CPU
		{26C4779F-0EF4-472C-A9C1-153C5E8D7712}.Debug|Any CPU.Build.0 = Debug|Any CPU
		{26C4779F-0EF4-472C-A9C1-153C5E8D7712}.Release|Any CPU.ActiveCfg = Release|Any CPU
		{26C4779F-0EF4-472C-A9C1-153C5E8D7712}.Release|Any CPU.Build.0 = Release|Any CPU
	EndGlobalSection
EndGlobal
